# This file is generated by running "yarn install" inside your project.
# Manual changes might be lost - proceed with caution!

__metadata:
  version: 10
  cacheKey: 10c0

"@formatjs/fast-memoize@npm:3.1.6":
  version: 3.1.6
  resolution: "@formatjs/fast-memoize@npm:3.1.6"
  checksum: 10c0/6cac8413b09aa4771edd98a52d46a9adc2f02e8bce8756a2abbd1eea2cf977757ffbb4bc1b33b6c17092739cd0c33351dffa0ea58b22e431b9754a34e46fe093
  languageName: node
  linkType: hard

"@formatjs/icu-messageformat-parser@npm:3.5.11":
  version: 3.5.11
  resolution: "@formatjs/icu-messageformat-parser@npm:3.5.11"
  dependencies:
    "@formatjs/icu-skeleton-parser": "npm:2.1.10"
  checksum: 10c0/f22a4f7f4c796862f579357e0ebc98f43d8e3bef0aa72f2a782210001b2ffc3d09f65afc3cb7d3213b5e65952dbdf502aa858b2ccff8cbe27309ec82feb96788
  languageName: node
  linkType: hard

"@formatjs/icu-skeleton-parser@npm:2.1.10":
  version: 2.1.10
  resolution: "@formatjs/icu-skeleton-parser@npm:2.1.10"
  checksum: 10c0/75c1fe522430a17370823fd0908a400d98a2234f610fd79621a15e9cf79c2da7e9ca8a97eda74d8576e8614c02fd00152a96fe4a207b0b33919df41e86d09f08
  languageName: node
  linkType: hard

"@formatjs/intl-utils@npm:^3.8.4":
  version: 3.8.4
  resolution: "@formatjs/intl-utils@npm:3.8.4"
  dependencies:
    emojis-list: "npm:^3.0.0"
  checksum: 10c0/737d5e796c46da0efc956a31a73a754e4e368fa1d7d7190a6c5a10192f6bab93569437a3165669fb0d435f6f054e0651f30e511f3d14bab467fd79384d0e2062
  languageName: node
  linkType: hard

"@isaacs/fs-minipass@npm:^4.0.0":
  version: 4.0.1
  resolution: "@isaacs/fs-minipass@npm:4.0.1"
  dependencies:
    minipass: "npm:^7.0.4"
  checksum: 10c0/c25b6dc1598790d5b55c0947a9b7d111cfa92594db5296c3b907e2f533c033666f692a3939eadac17b1c7c40d362d0b0635dc874cbfe3e70db7c2b07cc97a5d2
  languageName: node
  linkType: hard

"@lit-labs/ssr-dom-shim@npm:^1.5.0":
  version: 1.6.0
  resolution: "@lit-labs/ssr-dom-shim@npm:1.6.0"
  checksum: 10c0/deffcfd765d268820beef600a1c1cf9d3cf1a5cb4bbe7e80843796ff33d1a122f4e5651ef4a44b33d36e5fa6538e6ee87a95b9d40b4a26cabf3c35b45194c87a
  languageName: node
  linkType: hard

"@lit/reactive-element@npm:^2.1.0":
  version: 2.1.2
  resolution: "@lit/reactive-element@npm:2.1.2"
  dependencies:
    "@lit-labs/ssr-dom-shim": "npm:^1.5.0"
  checksum: 10c0/557069ce6ebbbafb1140e1e0a25ce73d3501bf455cda231d42bb131baa9065c54b6b7ca1655507eede397decd7ddde16c84192cb72a07d4edf41d54e07725933
  languageName: node
  linkType: hard

"@rollup/plugin-node-resolve@npm:^15.3.1":
  version: 15.3.1
  resolution: "@rollup/plugin-node-resolve@npm:15.3.1"
  dependencies:
    "@rollup/pluginutils": "npm:^5.0.1"
    "@types/resolve": "npm:1.20.2"
    deepmerge: "npm:^4.2.2"
    is-module: "npm:^1.0.0"
    resolve: "npm:^1.22.1"
  peerDependencies:
    rollup: ^2.78.0||^3.0.0||^4.0.0
  peerDependenciesMeta:
    rollup:
      optional: true
  checksum: 10c0/ecf3abe890fc98ad665fdbfb1ea245253e0d1f2bc6d9f4e8f496f212c76a2ce7cd4b9bc0abd21e6bcaa16f72d1c67cc6b322ea12a6ec68e8a8834df8242a5ecd
  languageName: node
  linkType: hard

"@rollup/plugin-typescript@npm:^11.1.6":
  version: 11.1.6
  resolution: "@rollup/plugin-typescript@npm:11.1.6"
  dependencies:
    "@rollup/pluginutils": "npm:^5.1.0"
    resolve: "npm:^1.22.1"
  peerDependencies:
    rollup: ^2.14.0||^3.0.0||^4.0.0
    tslib: "*"
    typescript: ">=3.7.0"
  peerDependenciesMeta:
    rollup:
      optional: true
    tslib:
      optional: true
  checksum: 10c0/5347cd73ac28d4cf2401a3e689864a1a0df8f3ae029abd9c38525cbc84bcfa16c3a32a0ac5698dac65ec531ba7cf8332e14f5fc7f8fa501193da23320a134c5c
  languageName: node
  linkType: hard

"@rollup/pluginutils@npm:^5.0.1, @rollup/pluginutils@npm:^5.1.0":
  version: 5.4.0
  resolution: "@rollup/pluginutils@npm:5.4.0"
  dependencies:
    "@types/estree": "npm:^1.0.0"
    estree-walker: "npm:^2.0.2"
    picomatch: "npm:^4.0.2"
  peerDependencies:
    rollup: ^1.20.0||^2.0.0||^3.0.0||^4.0.0
  peerDependenciesMeta:
    rollup:
      optional: true
  checksum: 10c0/ccc2cbd3a05df642df60ab05ffb81b2e564bd945e2a118bb8a474ea75b941033c8f44273133d4865643cca1492d0c80b14de1281f74779a64285a80fc3a194d8
  languageName: node
  linkType: hard

"@rollup/rollup-android-arm-eabi@npm:4.62.0":
  version: 4.62.0
  resolution: "@rollup/rollup-android-arm-eabi@npm:4.62.0"
  conditions: os=android & cpu=arm
  languageName: node
  linkType: hard

"@rollup/rollup-android-arm64@npm:4.62.0":
  version: 4.62.0
  resolution: "@rollup/rollup-android-arm64@npm:4.62.0"
  conditions: os=android & cpu=arm64
  languageName: node
  linkType: hard

"@rollup/rollup-darwin-arm64@npm:4.62.0":
  version: 4.62.0
  resolution: "@rollup/rollup-darwin-arm64@npm:4.62.0"
  conditions: os=darwin & cpu=arm64
  languageName: node
  linkType: hard

"@rollup/rollup-darwin-x64@npm:4.62.0":
  version: 4.62.0
  resolution: "@rollup/rollup-darwin-x64@npm:4.62.0"
  conditions: os=darwin & cpu=x64
  languageName: node
  linkType: hard

"@rollup/rollup-freebsd-arm64@npm:4.62.0":
  version: 4.62.0
  resolution: "@rollup/rollup-freebsd-arm64@npm:4.62.0"
  conditions: os=freebsd & cpu=arm64
  languageName: node
  linkType: hard

"@rollup/rollup-freebsd-x64@npm:4.62.0":
  version: 4.62.0
  resolution: "@rollup/rollup-freebsd-x64@npm:4.62.0"
  conditions: os=freebsd & cpu=x64
  languageName: node
  linkType: hard

"@rollup/rollup-linux-arm-gnueabihf@npm:4.62.0":
  version: 4.62.0
  resolution: "@rollup/rollup-linux-arm-gnueabihf@npm:4.62.0"
  conditions: os=linux & cpu=arm & libc=glibc
  languageName: node
  linkType: hard

"@rollup/rollup-linux-arm-musleabihf@npm:4.62.0":
  version: 4.62.0
  resolution: "@rollup/rollup-linux-arm-musleabihf@npm:4.62.0"
  conditions: os=linux & cpu=arm & libc=musl
  languageName: node
  linkType: hard

"@rollup/rollup-linux-arm64-gnu@npm:4.62.0":
  version: 4.62.0
  resolution: "@rollup/rollup-linux-arm64-gnu@npm:4.62.0"
  conditions: os=linux & cpu=arm64 & libc=glibc
  languageName: node
  linkType: hard

"@rollup/rollup-linux-arm64-musl@npm:4.62.0":
  version: 4.62.0
  resolution: "@rollup/rollup-linux-arm64-musl@npm:4.62.0"
  conditions: os=linux & cpu=arm64 & libc=musl
  languageName: node
  linkType: hard

"@rollup/rollup-linux-loong64-gnu@npm:4.62.0":
  version: 4.62.0
  resolution: "@rollup/rollup-linux-loong64-gnu@npm:4.62.0"
  conditions: os=linux & cpu=loong64 & libc=glibc
  languageName: node
  linkType: hard

"@rollup/rollup-linux-loong64-musl@npm:4.62.0":
  version: 4.62.0
  resolution: "@rollup/rollup-linux-loong64-musl@npm:4.62.0"
  conditions: os=linux & cpu=loong64 & libc=musl
  languageName: node
  linkType: hard

"@rollup/rollup-linux-ppc64-gnu@npm:4.62.0":
  version: 4.62.0
  resolution: "@rollup/rollup-linux-ppc64-gnu@npm:4.62.0"
  conditions: os=linux & cpu=ppc64 & libc=glibc
  languageName: node
  linkType: hard

"@rollup/rollup-linux-ppc64-musl@npm:4.62.0":
  version: 4.62.0
  resolution: "@rollup/rollup-linux-ppc64-musl@npm:4.62.0"
  conditions: os=linux & cpu=ppc64 & libc=musl
  languageName: node
  linkType: hard

"@rollup/rollup-linux-riscv64-gnu@npm:4.62.0":
  version: 4.62.0
  resolution: "@rollup/rollup-linux-riscv64-gnu@npm:4.62.0"
  conditions: os=linux & cpu=riscv64 & libc=glibc
  languageName: node
  linkType: hard

"@rollup/rollup-linux-riscv64-musl@npm:4.62.0":
  version: 4.62.0
  resolution: "@rollup/rollup-linux-riscv64-musl@npm:4.62.0"
  conditions: os=linux & cpu=riscv64 & libc=musl
  languageName: node
  linkType: hard

"@rollup/rollup-linux-s390x-gnu@npm:4.62.0":
  version: 4.62.0
  resolution: "@rollup/rollup-linux-s390x-gnu@npm:4.62.0"
  conditions: os=linux & cpu=s390x & libc=glibc
  languageName: node
  linkType: hard

"@rollup/rollup-linux-x64-gnu@npm:4.62.0":
  version: 4.62.0
  resolution: "@rollup/rollup-linux-x64-gnu@npm:4.62.0"
  conditions: os=linux & cpu=x64 & libc=glibc
  languageName: node
  linkType: hard

"@rollup/rollup-linux-x64-musl@npm:4.62.0":
  version: 4.62.0
  resolution: "@rollup/rollup-linux-x64-musl@npm:4.62.0"
  conditions: os=linux & cpu=x64 & libc=musl
  languageName: node
  linkType: hard

"@rollup/rollup-openbsd-x64@npm:4.62.0":
  version: 4.62.0
  resolution: "@rollup/rollup-openbsd-x64@npm:4.62.0"
  conditions: os=openbsd & cpu=x64
  languageName: node
  linkType: hard

"@rollup/rollup-openharmony-arm64@npm:4.62.0":
  version: 4.62.0
  resolution: "@rollup/rollup-openharmony-arm64@npm:4.62.0"
  conditions: os=openharmony & cpu=arm64
  languageName: node
  linkType: hard

"@rollup/rollup-win32-arm64-msvc@npm:4.62.0":
  version: 4.62.0
  resolution: "@rollup/rollup-win32-arm64-msvc@npm:4.62.0"
  conditions: os=win32 & cpu=arm64
  languageName: node
  linkType: hard

"@rollup/rollup-win32-ia32-msvc@npm:4.62.0":
  version: 4.62.0
  resolution: "@rollup/rollup-win32-ia32-msvc@npm:4.62.0"
  conditions: os=win32 & cpu=ia32
  languageName: node
  linkType: hard

"@rollup/rollup-win32-x64-gnu@npm:4.62.0":
  version: 4.62.0
  resolution: "@rollup/rollup-win32-x64-gnu@npm:4.62.0"
  conditions: os=win32 & cpu=x64
  languageName: node
  linkType: hard

"@rollup/rollup-win32-x64-msvc@npm:4.62.0":
  version: 4.62.0
  resolution: "@rollup/rollup-win32-x64-msvc@npm:4.62.0"
  conditions: os=win32 & cpu=x64
  languageName: node
  linkType: hard

"@types/estree@npm:1.0.9, @types/estree@npm:^1.0.0":
  version: 1.0.9
  resolution: "@types/estree@npm:1.0.9"
  checksum: 10c0/3ad3286ca2988cd550dafb8f2ad599c8474868e954fa601a36655bdfefd8039f7c714b8c1c7f2ae219ffbd58bd4660e66fa7479a0120fc02d4777057d4865387
  languageName: node
  linkType: hard

"@types/resolve@npm:1.20.2":
  version: 1.20.2
  resolution: "@types/resolve@npm:1.20.2"
  checksum: 10c0/c5b7e1770feb5ccfb6802f6ad82a7b0d50874c99331e0c9b259e415e55a38d7a86ad0901c57665d93f75938be2a6a0bc9aa06c9749192cadb2e4512800bbc6e6
  languageName: node
  linkType: hard

"@types/trusted-types@npm:^2.0.2":
  version: 2.0.7
  resolution: "@types/trusted-types@npm:2.0.7"
  checksum: 10c0/4c4855f10de7c6c135e0d32ce462419d8abbbc33713b31d294596c0cc34ae1fa6112a2f9da729c8f7a20707782b0d69da3b1f8df6645b0366d08825ca1522e0c
  languageName: node
  linkType: hard

"abbrev@npm:^5.0.0":
  version: 5.0.0
  resolution: "abbrev@npm:5.0.0"
  checksum: 10c0/8e88f5c798ea4562d28c5a3e9ad69e3879890bc5d695d8f2dffb8609be4c890aacc8f80ef4553fdd2c6a62d70c2ce8bc57b38074e383beb7487bdafa9ed42ea5
  languageName: node
  linkType: hard

"ax-dose-logger-card@workspace:.":
  version: 0.0.0-use.local
  resolution: "ax-dose-logger-card@workspace:."
  dependencies:
    "@rollup/plugin-node-resolve": "npm:^15.3.1"
    "@rollup/plugin-typescript": "npm:^11.1.6"
    custom-card-helpers: "npm:^2.0.0"
    lit: "npm:^3.3.2"
    rollup: "npm:^4.59.0"
    tslib: "npm:^2.8.1"
    typescript: "npm:^5.9.3"
  languageName: unknown
  linkType: soft

"chownr@npm:^3.0.0":
  version: 3.0.0
  resolution: "chownr@npm:3.0.0"
  checksum: 10c0/43925b87700f7e3893296c8e9c56cc58f926411cce3a6e5898136daaf08f08b9a8eb76d37d3267e707d0dcc17aed2e2ebdf5848c0c3ce95cf910a919935c1b10
  languageName: node
  linkType: hard

"custom-card-helpers@npm:^2.0.0":
  version: 2.0.0
  resolution: "custom-card-helpers@npm:2.0.0"
  dependencies:
    "@formatjs/intl-utils": "npm:^3.8.4"
    home-assistant-js-websocket: "npm:^9.6.0"
    intl-messageformat: "npm:^11.1.2"
    superstruct: "npm:^2.0.2"
  peerDependencies:
    lit: ">=3.0.0"
  checksum: 10c0/b9b549c835f9c38cf730b1a58c9f86adc002aa48974276b9d07f37ab9b15512e3c538c719979817b7205bfa83ebcf77c39c2bb7fa475ab30ff21ebc2f4a69e9a
  languageName: node
  linkType: hard

"deepmerge@npm:^4.2.2":
  version: 4.3.1
  resolution: "deepmerge@npm:4.3.1"
  checksum: 10c0/e53481aaf1aa2c4082b5342be6b6d8ad9dfe387bc92ce197a66dea08bd4265904a087e75e464f14d1347cf2ac8afe1e4c16b266e0561cc5df29382d3c5f80044
  languageName: node
  linkType: hard

"emojis-list@npm:^3.0.0":
  version: 3.0.0
  resolution: "emojis-list@npm:3.0.0"
  checksum: 10c0/7dc4394b7b910444910ad64b812392159a21e1a7ecc637c775a440227dcb4f80eff7fe61f4453a7d7603fa23d23d30cc93fe9e4b5ed985b88d6441cd4a35117b
  languageName: node
  linkType: hard

"env-paths@npm:^2.2.0":
  version: 2.2.1
  resolution: "env-paths@npm:2.2.1"
  checksum: 10c0/285325677bf00e30845e330eec32894f5105529db97496ee3f598478e50f008c5352a41a30e5e72ec9de8a542b5a570b85699cd63bd2bc646dbcb9f311d83bc4
  languageName: node
  linkType: hard

"es-errors@npm:^1.3.0":
  version: 1.3.0
  resolution: "es-errors@npm:1.3.0"
  checksum: 10c0/0a61325670072f98d8ae3b914edab3559b6caa980f08054a3b872052640d91da01d38df55df797fcc916389d77fc92b8d5906cf028f4db46d7e3003abecbca85
  languageName: node
  linkType: hard

"estree-walker@npm:^2.0.2":
  version: 2.0.2
  resolution: "estree-walker@npm:2.0.2"
  checksum: 10c0/53a6c54e2019b8c914dc395890153ffdc2322781acf4bd7d1a32d7aedc1710807bdcd866ac133903d5629ec601fbb50abe8c2e5553c7f5a0afdd9b6af6c945af
  languageName: node
  linkType: hard

"exponential-backoff@npm:^3.1.1":
  version: 3.1.3
  resolution: "exponential-backoff@npm:3.1.3"
  checksum: 10c0/77e3ae682b7b1f4972f563c6dbcd2b0d54ac679e62d5d32f3e5085feba20483cf28bd505543f520e287a56d4d55a28d7874299941faf637e779a1aa5994d1267
  languageName: node
  linkType: hard

"fdir@npm:^6.5.0":
  version: 6.5.0
  resolution: "fdir@npm:6.5.0"
  peerDependencies:
    picomatch: ^3 || ^4
  peerDependenciesMeta:
    picomatch:
      optional: true
  checksum: 10c0/e345083c4306b3aed6cb8ec551e26c36bab5c511e99ea4576a16750ddc8d3240e63826cc624f5ae17ad4dc82e68a253213b60d556c11bfad064b7607847ed07f
  languageName: node
  linkType: hard

"fsevents@npm:~2.3.2":
  version: 2.3.3
  resolution: "fsevents@npm:2.3.3"
  dependencies:
    node-gyp: "npm:latest"
  checksum: 10c0/a1f0c44595123ed717febbc478aa952e47adfc28e2092be66b8ab1635147254ca6cfe1df792a8997f22716d4cbafc73309899ff7bfac2ac3ad8cf2e4ecc3ec60
  conditions: os=darwin
  languageName: node
  linkType: hard

"fsevents@patch:fsevents@npm%3A~2.3.2#optional!builtin<compat/fsevents>":
  version: 2.3.3
  resolution: "fsevents@patch:fsevents@npm%3A2.3.3#optional!builtin<compat/fsevents>::version=2.3.3&hash=df0bf1"
  dependencies:
    node-gyp: "npm:latest"
  conditions: os=darwin
  languageName: node
  linkType: hard

"function-bind@npm:^1.1.2":
  version: 1.1.2
  resolution: "function-bind@npm:1.1.2"
  checksum: 10c0/d8680ee1e5fcd4c197e4ac33b2b4dce03c71f4d91717292785703db200f5c21f977c568d28061226f9b5900cbcd2c84463646134fd5337e7925e0942bc3f46d5
  languageName: node
  linkType: hard

"graceful-fs@npm:^4.2.6":
  version: 4.2.11
  resolution: "graceful-fs@npm:4.2.11"
  checksum: 10c0/386d011a553e02bc594ac2ca0bd6d9e4c22d7fa8cfbfc448a6d148c59ea881b092db9dbe3547ae4b88e55f1b01f7c4a2ecc53b310c042793e63aa44cf6c257f2
  languageName: node
  linkType: hard

"hasown@npm:^2.0.3":
  version: 2.0.4
  resolution: "hasown@npm:2.0.4"
  dependencies:
    function-bind: "npm:^1.1.2"
  checksum: 10c0/2d8de939e270b70618f8cebb69746620db10617dbb495bc66ddad326955ea24d3ca4af133aff3eb7c1853e0218f867bc2b050ec26fe02e3aea58f880ffc5e506
  languageName: node
  linkType: hard

"home-assistant-js-websocket@npm:^9.6.0":
  version: 9.6.0
  resolution: "home-assistant-js-websocket@npm:9.6.0"
  checksum: 10c0/92973a99c21efbd15e093f12ebc7797d1d86a305246e2a6cbe5cd7d980fa916c216ffb3459a9aa17c23adf7339773a176c99783386b6fb5688972bad3107ab7b
  languageName: node
  linkType: hard

"intl-messageformat@npm:^11.1.2":
  version: 11.2.8
  resolution: "intl-messageformat@npm:11.2.8"
  dependencies:
    "@formatjs/fast-memoize": "npm:3.1.6"
    "@formatjs/icu-messageformat-parser": "npm:3.5.11"
  checksum: 10c0/d6ec35ac45d456b25bb1aff64a9ed7b9d96a8d8e6149948df932359474dac18f92990f00e1b049366c8255b06086adc0f4d95b024d67af314a91a2c7081193de
  languageName: node
  linkType: hard

"is-core-module@npm:^2.16.1":
  version: 2.16.2
  resolution: "is-core-module@npm:2.16.2"
  dependencies:
    hasown: "npm:^2.0.3"
  checksum: 10c0/14b4258390283709c15476d023ec173e27458d5d014ccdb8ed39d576e551c3fa45498b7c9fe178f1529c4cb2648ddd58852a6a62107a019f6e349529f277518a
  languageName: node
  linkType: hard

"is-module@npm:^1.0.0":
  version: 1.0.0
  resolution: "is-module@npm:1.0.0"
  checksum: 10c0/795a3914bcae7c26a1c23a1e5574c42eac13429625045737bf3e324ce865c0601d61aee7a5afbca1bee8cb300c7d9647e7dc98860c9bdbc3b7fdc51d8ac0bffc
  languageName: node
  linkType: hard

"isexe@npm:^4.0.0":
  version: 4.0.0
  resolution: "isexe@npm:4.0.0"
  checksum: 10c0/5884815115bceac452877659a9c7726382531592f43dc29e5d48b7c4100661aed54018cb90bd36cb2eaeba521092570769167acbb95c18d39afdccbcca06c5ce
  languageName: node
  linkType: hard

"lit-element@npm:^4.2.0":
  version: 4.2.2
  resolution: "lit-element@npm:4.2.2"
  dependencies:
    "@lit-labs/ssr-dom-shim": "npm:^1.5.0"
    "@lit/reactive-element": "npm:^2.1.0"
    lit-html: "npm:^3.3.0"
  checksum: 10c0/114ab5837f1f9e03a30b1ed1c055fa0e31f01e444464e5ab0453ef88be12d778508235533267c42614d323e3048ee58f865b5c612948a53bd6219abca404c710
  languageName: node
  linkType: hard

"lit-html@npm:^3.3.0":
  version: 3.3.3
  resolution: "lit-html@npm:3.3.3"
  dependencies:
    "@types/trusted-types": "npm:^2.0.2"
  checksum: 10c0/84e57314412ff385cc67fc482d26b77057370e2cfe3c6495cc45f692bdad840d5ed0519ddddcfae1d043bb098c66daa7e807593d5a21ac72094da14274497879
  languageName: node
  linkType: hard

"lit@npm:^3.3.2":
  version: 3.3.3
  resolution: "lit@npm:3.3.3"
  dependencies:
    "@lit/reactive-element": "npm:^2.1.0"
    lit-element: "npm:^4.2.0"
    lit-html: "npm:^3.3.0"
  checksum: 10c0/11b6175ebffce92f4cf835ddd8a198d49707c27f34b0a7c538d2cb294f6c2fb7ff40aabd3589fcf0c2ed162404faaf2bb7c966fad9024bb9e02d013e2d5aa0b5
  languageName: node
  linkType: hard

"minipass@npm:^7.0.4, minipass@npm:^7.1.2":
  version: 7.1.3
  resolution: "minipass@npm:7.1.3"
  checksum: 10c0/539da88daca16533211ea5a9ee98dc62ff5742f531f54640dd34429e621955e91cc280a91a776026264b7f9f6735947629f920944e9c1558369e8bf22eb33fbb
  languageName: node
  linkType: hard

"minizlib@npm:^3.1.0":
  version: 3.1.0
  resolution: "minizlib@npm:3.1.0"
  dependencies:
    minipass: "npm:^7.1.2"
  checksum: 10c0/5aad75ab0090b8266069c9aabe582c021ae53eb33c6c691054a13a45db3b4f91a7fb1bd79151e6b4e9e9a86727b522527c0a06ec7d45206b745d54cd3097bcec
  languageName: node
  linkType: hard

"node-gyp@npm:latest":
  version: 13.0.0
  resolution: "node-gyp@npm:13.0.0"
  dependencies:
    env-paths: "npm:^2.2.0"
    exponential-backoff: "npm:^3.1.1"
    graceful-fs: "npm:^4.2.6"
    nopt: "npm:^10.0.0"
    proc-log: "npm:^7.0.0"
    semver: "npm:^7.3.5"
    tar: "npm:^7.5.4"
    tinyglobby: "npm:^0.2.12"
    undici: "npm:^6.25.0"
    which: "npm:^7.0.0"
  bin:
    node-gyp: bin/node-gyp.js
  checksum: 10c0/e7525c427db2d16aa368b8947187de83083d2a8dda23e3e096a71c22ae637ac5bb8ed7cf6c871f1b9118cd2729dbfee4ff3a4245e2b79226900227b15831b492
  languageName: node
  linkType: hard

"nopt@npm:^10.0.0":
  version: 10.0.1
  resolution: "nopt@npm:10.0.1"
  dependencies:
    abbrev: "npm:^5.0.0"
  bin:
    nopt: bin/nopt.js
  checksum: 10c0/980d89257f9587f3e1f77877ddbf905d6aa3b738ec33e49a4fa1a059a0dd82eb28063982b150654a7ae9de386f2ead60e56172db7d37cf56de545f7392a2a26a
  languageName: node
  linkType: hard

"path-parse@npm:^1.0.7":
  version: 1.0.7
  resolution: "path-parse@npm:1.0.7"
  checksum: 10c0/11ce261f9d294cc7a58d6a574b7f1b935842355ec66fba3c3fd79e0f036462eaf07d0aa95bb74ff432f9afef97ce1926c720988c6a7451d8a584930ae7de86e1
  languageName: node
  linkType: hard

"picomatch@npm:^4.0.2, picomatch@npm:^4.0.4":
  version: 4.0.4
  resolution: "picomatch@npm:4.0.4"
  checksum: 10c0/e2c6023372cc7b5764719a5ffb9da0f8e781212fa7ca4bd0562db929df8e117460f00dff3cb7509dacfc06b86de924b247f504d0ce1806a37fac4633081466b0
  languageName: node
  linkType: hard

"proc-log@npm:^7.0.0":
  version: 7.0.0
  resolution: "proc-log@npm:7.0.0"
  checksum: 10c0/b89c2d862604f35fec795477b0c7e376feab3ba0d4f4d291c4e959567442697cf451ac557d0623c1cc38af45a78128b983410f397a10c5d3a67f76c33de4754b
  languageName: node
  linkType: hard

"resolve@npm:^1.22.1":
  version: 1.22.12
  resolution: "resolve@npm:1.22.12"
  dependencies:
    es-errors: "npm:^1.3.0"
    is-core-module: "npm:^2.16.1"
    path-parse: "npm:^1.0.7"
    supports-preserve-symlinks-flag: "npm:^1.0.0"
  bin:
    resolve: bin/resolve
  checksum: 10c0/b16dc9b537c02e8c3388f7d3dcff9741d3071625f9a97ac1c885f2b0ca51e78df22328fb6d6ef214dd9101fb7cfc19aa2836fe3410402a94f3f7b8639c7149bf
  languageName: node
  linkType: hard

"resolve@patch:resolve@npm%3A^1.22.1#optional!builtin<compat/resolve>":
  version: 1.22.12
  resolution: "resolve@patch:resolve@npm%3A1.22.12#optional!builtin<compat/resolve>::version=1.22.12&hash=c3c19d"
  dependencies:
    es-errors: "npm:^1.3.0"
    is-core-module: "npm:^2.16.1"
    path-parse: "npm:^1.0.7"
    supports-preserve-symlinks-flag: "npm:^1.0.0"
  bin:
    resolve: bin/resolve
  checksum: 10c0/fc6519984ae1f894d877c0060ba8b1f5ba3bc0e85a02f74e141929c118c23d74d9735619a9cc2965397387e514884245c65d72a40731dcb6cfc84c7bcdc8321e
  languageName: node
  linkType: hard

"rollup@npm:^4.59.0":
  version: 4.62.0
  resolution: "rollup@npm:4.62.0"
  dependencies:
    "@rollup/rollup-android-arm-eabi": "npm:4.62.0"
    "@rollup/rollup-android-arm64": "npm:4.62.0"
    "@rollup/rollup-darwin-arm64": "npm:4.62.0"
    "@rollup/rollup-darwin-x64": "npm:4.62.0"
    "@rollup/rollup-freebsd-arm64": "npm:4.62.0"
    "@rollup/rollup-freebsd-x64": "npm:4.62.0"
    "@rollup/rollup-linux-arm-gnueabihf": "npm:4.62.0"
    "@rollup/rollup-linux-arm-musleabihf": "npm:4.62.0"
    "@rollup/rollup-linux-arm64-gnu": "npm:4.62.0"
    "@rollup/rollup-linux-arm64-musl": "npm:4.62.0"
    "@rollup/rollup-linux-loong64-gnu": "npm:4.62.0"
    "@rollup/rollup-linux-loong64-musl": "npm:4.62.0"
    "@rollup/rollup-linux-ppc64-gnu": "npm:4.62.0"
    "@rollup/rollup-linux-ppc64-musl": "npm:4.62.0"
    "@rollup/rollup-linux-riscv64-gnu": "npm:4.62.0"
    "@rollup/rollup-linux-riscv64-musl": "npm:4.62.0"
    "@rollup/rollup-linux-s390x-gnu": "npm:4.62.0"
    "@rollup/rollup-linux-x64-gnu": "npm:4.62.0"
    "@rollup/rollup-linux-x64-musl": "npm:4.62.0"
    "@rollup/rollup-openbsd-x64": "npm:4.62.0"
    "@rollup/rollup-openharmony-arm64": "npm:4.62.0"
    "@rollup/rollup-win32-arm64-msvc": "npm:4.62.0"
    "@rollup/rollup-win32-ia32-msvc": "npm:4.62.0"
    "@rollup/rollup-win32-x64-gnu": "npm:4.62.0"
    "@rollup/rollup-win32-x64-msvc": "npm:4.62.0"
    "@types/estree": "npm:1.0.9"
    fsevents: "npm:~2.3.2"
  dependenciesMeta:
    "@rollup/rollup-android-arm-eabi":
      optional: true
    "@rollup/rollup-android-arm64":
      optional: true
    "@rollup/rollup-darwin-arm64":
      optional: true
    "@rollup/rollup-darwin-x64":
      optional: true
    "@rollup/rollup-freebsd-arm64":
      optional: true
    "@rollup/rollup-freebsd-x64":
      optional: true
    "@rollup/rollup-linux-arm-gnueabihf":
      optional: true
    "@rollup/rollup-linux-arm-musleabihf":
      optional: true
    "@rollup/rollup-linux-arm64-gnu":
      optional: true
    "@rollup/rollup-linux-arm64-musl":
      optional: true
    "@rollup/rollup-linux-loong64-gnu":
      optional: true
    "@rollup/rollup-linux-loong64-musl":
      optional: true
    "@rollup/rollup-linux-ppc64-gnu":
      optional: true
    "@rollup/rollup-linux-ppc64-musl":
      optional: true
    "@rollup/rollup-linux-riscv64-gnu":
      optional: true
    "@rollup/rollup-linux-riscv64-musl":
      optional: true
    "@rollup/rollup-linux-s390x-gnu":
      optional: true
    "@rollup/rollup-linux-x64-gnu":
      optional: true
    "@rollup/rollup-linux-x64-musl":
      optional: true
    "@rollup/rollup-openbsd-x64":
      optional: true
    "@rollup/rollup-openharmony-arm64":
      optional: true
    "@rollup/rollup-win32-arm64-msvc":
      optional: true
    "@rollup/rollup-win32-ia32-msvc":
      optional: true
    "@rollup/rollup-win32-x64-gnu":
      optional: true
    "@rollup/rollup-win32-x64-msvc":
      optional: true
    fsevents:
      optional: true
  bin:
    rollup: dist/bin/rollup
  checksum: 10c0/0baa149f615152c0f86c44b237674cbac31d945ab721c257f73a844cc43d04a0f8613edbda4eaa2a376285286eac12e4f27060fc88a8f504f4ed235f6fc9b10f
  languageName: node
  linkType: hard

"semver@npm:^7.3.5":
  version: 7.8.4
  resolution: "semver@npm:7.8.4"
  bin:
    semver: bin/semver.js
  checksum: 10c0/81b7c296fd7927b80f67fa516b75fa1017caac8167795320de28e76ccbc6f7f01763c30ecd10d6a0d8fd089708ab0548a5aebb94b0870e99c2a2b4600a46389b
  languageName: node
  linkType: hard

"superstruct@npm:^2.0.2":
  version: 2.0.2
  resolution: "superstruct@npm:2.0.2"
  checksum: 10c0/c6853db5240b4920f47b3c864dd1e23ede6819ea399ad29a65387d746374f6958c5f1c5b7e5bb152d9db117a74973e5005056d9bb83c24e26f18ec6bfae4a718
  languageName: node
  linkType: hard

"supports-preserve-symlinks-flag@npm:^1.0.0":
  version: 1.0.0
  resolution: "supports-preserve-symlinks-flag@npm:1.0.0"
  checksum: 10c0/6c4032340701a9950865f7ae8ef38578d8d7053f5e10518076e6554a9381fa91bd9c6850193695c141f32b21f979c985db07265a758867bac95de05f7d8aeb39
  languageName: node
  linkType: hard

"tar@npm:^7.5.4":
  version: 7.5.16
  resolution: "tar@npm:7.5.16"
  dependencies:
    "@isaacs/fs-minipass": "npm:^4.0.0"
    chownr: "npm:^3.0.0"
    minipass: "npm:^7.1.2"
    minizlib: "npm:^3.1.0"
    yallist: "npm:^5.0.0"
  checksum: 10c0/4f37f3c4bd2ca2755fd736a5df1d573c1a868ec1b1e893346aeafa95ac510f9e2fd1469420bd866cc7904799e5bd4ac62b5d4f03fe27747d6e1e373b44505c5c
  languageName: node
  linkType: hard

"tinyglobby@npm:^0.2.12":
  version: 0.2.17
  resolution: "tinyglobby@npm:0.2.17"
  dependencies:
    fdir: "npm:^6.5.0"
    picomatch: "npm:^4.0.4"
  checksum: 10c0/7f7bb0f197c88bc4b20c231e0deca4240ca3bf313a88f5a7fee93a872b84966a4d50220947c0455ad07a60b3b360961c5b7fd979222aeb716a9f99b412002e4c
  languageName: node
  linkType: hard

"tslib@npm:^2.8.1":
  version: 2.8.1
  resolution: "tslib@npm:2.8.1"
  checksum: 10c0/9c4759110a19c53f992d9aae23aac5ced636e99887b51b9e61def52611732872ff7668757d4e4c61f19691e36f4da981cd9485e869b4a7408d689f6bf1f14e62
  languageName: node
  linkType: hard

"typescript@npm:^5.9.3":
  version: 5.9.3
  resolution: "typescript@npm:5.9.3"
  bin:
    tsc: bin/tsc
    tsserver: bin/tsserver
  checksum: 10c0/6bd7552ce39f97e711db5aa048f6f9995b53f1c52f7d8667c1abdc1700c68a76a308f579cd309ce6b53646deb4e9a1be7c813a93baaf0a28ccd536a30270e1c5
  languageName: node
  linkType: hard

"typescript@patch:typescript@npm%3A^5.9.3#optional!builtin<compat/typescript>":
  version: 5.9.3
  resolution: "typescript@patch:typescript@npm%3A5.9.3#optional!builtin<compat/typescript>::version=5.9.3&hash=5786d5"
  bin:
    tsc: bin/tsc
    tsserver: bin/tsserver
  checksum: 10c0/ad09fdf7a756814dce65bc60c1657b40d44451346858eea230e10f2e95a289d9183b6e32e5c11e95acc0ccc214b4f36289dcad4bf1886b0adb84d711d336a430
  languageName: node
  linkType: hard

"undici@npm:^6.25.0":
  version: 6.26.0
  resolution: "undici@npm:6.26.0"
  checksum: 10c0/cf2b4caf58c33d6582970991290cc7a6486d6e738845f25dcdd16952d708ec844815c6d30362919764fcaf30f719891289341f1ada496f003ce2700310453a47
  languageName: node
  linkType: hard

"which@npm:^7.0.0":
  version: 7.0.0
  resolution: "which@npm:7.0.0"
  dependencies:
    isexe: "npm:^4.0.0"
  bin:
    node-which: bin/which.js
  checksum: 10c0/ca0b54f198f78bbc4b7c02e34bda8d335cb352e0adb4cbca1c37b1a957af3a879a82c4c27ca6525bc942f548d8b64f816ef6528360af9f3de55ffb9b979b620d
  languageName: node
  linkType: hard

"yallist@npm:^5.0.0":
  version: 5.0.0
  resolution: "yallist@npm:5.0.0"
  checksum: 10c0/a499c81ce6d4a1d260d4ea0f6d49ab4da09681e32c3f0472dee16667ed69d01dae63a3b81745a24bd78476ec4fcf856114cb4896ace738e01da34b2c42235416
  languageName: node
  linkType: hard
